
Microsoft Visual Studio Solution File, Format Version 12.00
# Visual Studio Version 16
VisualStudioVersion = 16.0.30503.244
MinimumVisualStudioVersion = 10.0.40219.1
Project("{FAE04EC0-301F-11D3-BF4B-00C04F79EFBC}") = "CodeFirst WebApplication", "CodeFirst WebApplication.csproj", "{83A00BF4-B6DB-40FC-9431-B555EEBBA134}"
EndProject
Global
	GlobalSection(SolutionConfigurationPlatforms) = preSolution
		Debug|Any CPU = Debug|Any CPU
		Release|Any CPU = Release|Any CPU
	EndGlobalSection
	GlobalSection(ProjectConfigurationPlatforms) = postSolution
		{83A00BF4-B6DB-40FC-9431-B555EEBBA134}.Debug|Any CPU.ActiveCfg = Debug|Any CPU
		{83A00BF4-B6DB-40FC-9431-B555EEBBA134}.Debug|Any CPU.Build.0 = Debug|Any CPU
		{83A00BF4-B6DB-40FC-9431-B555EEBBA134}.Release|Any CPU.ActiveCfg = Release|Any CPU
		{83A00BF4-B6DB-40FC-9431-B555EEBBA134}.Release|Any CPU.Build.0 = Release|Any CPU
	EndGlobalSection
	GlobalSection(SolutionProperties) = preSolution
		HideSolutionNode = FALSE
	EndGlobalSection
	GlobalSection(ExtensibilityGlobals) = postSolution
		SolutionGuid = {0F8D68CF-4398-400F-A1A2-7DFD980369E1}
	EndGlobalSection
EndGlobal
